{
  "name": "react",
  "lockfileVersion": 3,
  "requires": true,
  "packages": {
    "": {
      "dependencies": {
        "zustand": "^5.0.2"
      },
      "devDependencies": {
        "web-vitals": "^4.2.4"
      }
    },
    "node_modules/web-vitals": {
      "version": "4.2.4",
      "resolved": "https://registry.npmjs.org/web-vitals/-/web-vitals-4.2.4.tgz",
      "integrity": "sha512-r4DIlprAGwJ7YM11VZp4R884m0Vmgr6EAKe3P+kO0PPj3Unqyvv59rczf6UiGcb9Z8QxZVcqKNwv/g0WNdWwsw==",
      "dev": true
    },
    "node_modules/zustand": {
      "version": "5.0.2",
      "resolved": "https://registry.npmjs.org/zustand/-/zustand-5.0.2.tgz",
      "integrity": "sha512-8qNdnJVJlHlrKXi50LDqqUNmUbuBjoKLrYQBnoChIbVph7vni+sY+YpvdjXG9YLd/Bxr6scMcR+rm5H3aSqPaw==",
      "engines": {
        "node": ">=12.20.0"
      },
      "peerDependencies": {
        "@types/react": ">=18.0.0",
        "immer": ">=9.0.6",
        "react": ">=18.0.0",
        "use-sync-external-store": ">=1.2.0"
      },
      "peerDependenciesMeta": {
        "@types/react": {
          "optional": true
        },
        "immer": {
          "optional": true
        },
        "react": {
          "optional": true
        },
        "use-sync-external-store": {
          "optional": true
        }
      }
    }
  }
}
